
Microsoft Visual Studio Solution File, Format Version 12.00
# Visual Studio 2012
Project("{FAE04EC0-301F-11D3-BF4B-00C04F79EFBC}") = "cargo_system", "cargo_system\cargo_system.csproj", "{56C61D24-CC14-4C82-8236-07DBB1B613D8}"
EndProject
Global
	GlobalSection(SolutionConfigurationPlatforms) = preSolution
		Debug|Any CPU = Debug|Any CPU
		Release|Any CPU = Release|Any CPU
	EndGlobalSection
	GlobalSection(ProjectConfigurationPlatforms) = postSolution
		{56C61D24-CC14-4C82-8236-07DBB1B613D8}.Debug|Any CPU.ActiveCfg = Debug|Any CPU
		{56C61D24-CC14-4C82-8236-07DBB1B613D8}.Debug|Any CPU.Build.0 = Debug|Any CPU
		{56C61D24-CC14-4C82-8236-07DBB1B613D8}.Release|Any CPU.ActiveCfg = Release|Any CPU
		{56C61D24-CC14-4C82-8236-07DBB1B613D8}.Release|Any CPU.Build.0 = Release|Any CPU
	EndGlobalSection
	GlobalSection(SolutionProperties) = preSolution
		HideSolutionNode = FALSE
	EndGlobalSection
EndGlobal
